
Microsoft Visual Studio Solution File, Format Version 12.00
# Visual Studio Version 16
VisualStudioVersion = 16.0.32002.261
MinimumVisualStudioVersion = 10.0.40219.1
Project("{FAE04EC0-301F-11D3-BF4B-00C04F79EFBC}") = "Buddha.NET.Demo", "Buddha.NET.Demo\Buddha.NET.Demo.csproj", "{1EB73A3C-E562-4B5B-86DD-0A1F3923E4EC}"
EndProject
Project("{FAE04EC0-301F-11D3-BF4B-00C04F79EFBC}") = "Buddha.NET", "Buddha.NET\Buddha.NET\Buddha.NET.csproj", "{ADD510E1-722B-4CD7-ACC9-F4F500EAC17E}"
EndProject
Project("{FAE04EC0-301F-11D3-BF4B-00C04F79EFBC}") = "Buddha.NET.AspNetCore", "Buddha.NET.AspNetCore\Buddha.NET.AspNetCore\Buddha.NET.AspNetCore.csproj", "{DD30094F-6403-4E4A-9F63-28669C618EB4}"
EndProject
Global
	GlobalSection(SolutionConfigurationPlatforms) = preSolution
		Debug|Any CPU = Debug|Any CPU
		Release|Any CPU = Release|Any CPU
	EndGlobalSection
	GlobalSection(ProjectConfigurationPlatforms) = postSolution
		{1EB73A3C-E562-4B5B-86DD-0A1F3923E4EC}.Debug|Any CPU.ActiveCfg = Debug|Any CPU
		{1EB73A3C-E562-4B5B-86DD-0A1F3923E4EC}.Debug|Any CPU.Build.0 = Debug|Any CPU
		{1EB73A3C-E562-4B5B-86DD-0A1F3923E4EC}.Release|Any CPU.ActiveCfg = Release|Any CPU
		{1EB73A3C-E562-4B5B-86DD-0A1F3923E4EC}.Release|Any CPU.Build.0 = Release|Any CPU
		{ADD510E1-722B-4CD7-ACC9-F4F500EAC17E}.Debug|Any CPU.ActiveCfg = Debug|Any CPU
		{ADD510E1-722B-4CD7-ACC9-F4F500EAC17E}.Debug|Any CPU.Build.0 = Debug|Any CPU
		{ADD510E1-722B-4CD7-ACC9-F4F500EAC17E}.Release|Any CPU.ActiveCfg = Release|Any CPU
		{ADD510E1-722B-4CD7-ACC9-F4F500EAC17E}.Release|Any CPU.Build.0 = Release|Any CPU
		{DD30094F-6403-4E4A-9F63-28669C618EB4}.Debug|Any CPU.ActiveCfg = Debug|Any CPU
		{DD30094F-6403-4E4A-9F63-28669C618EB4}.Debug|Any CPU.Build.0 = Debug|Any CPU
		{DD30094F-6403-4E4A-9F63-28669C618EB4}.Release|Any CPU.ActiveCfg = Release|Any CPU
		{DD30094F-6403-4E4A-9F63-28669C618EB4}.Release|Any CPU.Build.0 = Release|Any CPU
	EndGlobalSection
	GlobalSection(SolutionProperties) = preSolution
		HideSolutionNode = FALSE
	EndGlobalSection
	GlobalSection(ExtensibilityGlobals) = postSolution
		SolutionGuid = {9F8BBFFD-DC37-4CF1-89E8-090F1FAA7FB8}
	EndGlobalSection
EndGlobal
